
Microsoft Visual Studio Solution File, Format Version 12.00
# Visual Studio Version 17
VisualStudioVersion = 17.14.36518.9
MinimumVisualStudioVersion = 10.0.40219.1
Project("{FAE04EC0-301F-11D3-BF4B-00C04F79EFBC}") = "EstateAgency.Domain", "EstateAgency.Domain\EstateAgency.Domain.csproj", "{3C66170A-DDD9-4B8A-AA03-C235E2477446}"
EndProject
Project("{FAE04EC0-301F-11D3-BF4B-00C04F79EFBC}") = "EstateAgency.Test", "EstateAgency.Test\EstateAgency.Test.csproj", "{CE1379BC-145D-40C9-B78F-CAF31BC449A7}"
EndProject
Project("{FAE04EC0-301F-11D3-BF4B-00C04F79EFBC}") = "EstateAgency.Infrastructure", "EstateAgency.Infrastructure\EstateAgency.Infrastructure.csproj", "{CC395600-8F8A-49DD-B3E3-FDBF451A7B7A}"
EndProject
Project("{FAE04EC0-301F-11D3-BF4B-00C04F79EFBC}") = "EstateAgency.Api", "EstateAgency.Api\EstateAgency.Api.csproj", "{BE4F8407-2A87-4BAB-BDAB-F62F4C4359F8}"
EndProject
Project("{FAE04EC0-301F-11D3-BF4B-00C04F79EFBC}") = "EstateAgency.Application", "EstateAgency.Application\EstateAgency.Application.csproj", "{87CA9E15-A3AC-4ED7-BA6A-7DB2DE9E63BB}"
EndProject
Project("{FAE04EC0-301F-11D3-BF4B-00C04F79EFBC}") = "EstateAgency.AppHost", "EstateAgency.AppHost\EstateAgency.AppHost.csproj", "{6596355C-380F-4141-A134-07352EF3ABD7}"
EndProject
Project("{FAE04EC0-301F-11D3-BF4B-00C04F79EFBC}") = "EstateAgency.ServiceDefaults", "EstateAgency.ServiceDefaults\EstateAgency.ServiceDefaults.csproj", "{537E4AFC-C12D-862A-4887-FDA46A35C012}"
EndProject
Global
	GlobalSection(SolutionConfigurationPlatforms) = preSolution
		Debug|Any CPU = Debug|Any CPU
		Release|Any CPU = Release|Any CPU
	EndGlobalSection
	GlobalSection(ProjectConfigurationPlatforms) = postSolution
		{3C66170A-DDD9-4B8A-AA03-C235E2477446}.Debug|Any CPU.ActiveCfg = Debug|Any CPU
		{3C66170A-DDD9-4B8A-AA03-C235E2477446}.Debug|Any CPU.Build.0 = Debug|Any CPU
		{3C66170A-DDD9-4B8A-AA03-C235E2477446}.Release|Any CPU.ActiveCfg = Release|Any CPU
		{3C66170A-DDD9-4B8A-AA03-C235E2477446}.Release|Any CPU.Build.0 = Release|Any CPU
		{CE1379BC-145D-40C9-B78F-CAF31BC449A7}.Debug|Any CPU.ActiveCfg = Debug|Any CPU
		{CE1379BC-145D-40C9-B78F-CAF31BC449A7}.Debug|Any CPU.Build.0 = Debug|Any CPU
		{CE1379BC-145D-40C9-B78F-CAF31BC449A7}.Release|Any CPU.ActiveCfg = Release|Any CPU
		{CE1379BC-145D-40C9-B78F-CAF31BC449A7}.Release|Any CPU.Build.0 = Release|Any CPU
		{CC395600-8F8A-49DD-B3E3-FDBF451A7B7A}.Debug|Any CPU.ActiveCfg = Debug|Any CPU
		{CC395600-8F8A-49DD-B3E3-FDBF451A7B7A}.Debug|Any CPU.Build.0 = Debug|Any CPU
		{CC395600-8F8A-49DD-B3E3-FDBF451A7B7A}.Release|Any CPU.ActiveCfg = Release|Any CPU
		{CC395600-8F8A-49DD-B3E3-FDBF451A7B7A}.Release|Any CPU.Build.0 = Release|Any CPU
		{BE4F8407-2A87-4BAB-BDAB-F62F4C4359F8}.Debug|Any CPU.ActiveCfg = Debug|Any CPU
		{BE4F8407-2A87-4BAB-BDAB-F62F4C4359F8}.Debug|Any CPU.Build.0 = Debug|Any CPU
		{BE4F8407-2A87-4BAB-BDAB-F62F4C4359F8}.Release|Any CPU.ActiveCfg = Release|Any CPU
		{BE4F8407-2A87-4BAB-BDAB-F62F4C4359F8}.Release|Any CPU.Build.0 = Release|Any CPU
		{87CA9E15-A3AC-4ED7-BA6A-7DB2DE9E63BB}.Debug|Any CPU.ActiveCfg = Debug|Any CPU
		{87CA9E15-A3AC-4ED7-BA6A-7DB2DE9E63BB}.Debug|Any CPU.Build.0 = Debug|Any CPU
		{87CA9E15-A3AC-4ED7-BA6A-7DB2DE9E63BB}.Release|Any CPU.ActiveCfg = Release|Any CPU
		{87CA9E15-A3AC-4ED7-BA6A-7DB2DE9E63BB}.Release|Any CPU.Build.0 = Release|Any CPU
		{6596355C-380F-4141-A134-07352EF3ABD7}.Debug|Any CPU.ActiveCfg = Debug|Any CPU
		{6596355C-380F-4141-A134-07352EF3ABD7}.Debug|Any CPU.Build.0 = Debug|Any CPU
		{6596355C-380F-4141-A134-07352EF3ABD7}.Release|Any CPU.ActiveCfg = Release|Any CPU
		{6596355C-380F-4141-A134-07352EF3ABD7}.Release|Any CPU.Build.0 = Release|Any CPU
		{537E4AFC-C12D-862A-4887-FDA46A35C012}.Debug|Any CPU.ActiveCfg = Debug|Any CPU
		{537E4AFC-C12D-862A-4887-FDA46A35C012}.Debug|Any CPU.Build.0 = Debug|Any CPU
		{537E4AFC-C12D-862A-4887-FDA46A35C012}.Release|Any CPU.ActiveCfg = Release|Any CPU
		{537E4AFC-C12D-862A-4887-FDA46A35C012}.Release|Any CPU.Build.0 = Release|Any CPU
	EndGlobalSection
	GlobalSection(SolutionProperties) = preSolution
		HideSolutionNode = FALSE
	EndGlobalSection
	GlobalSection(ExtensibilityGlobals) = postSolution
		SolutionGuid = {94BEDAA7-D9A2-4270-8857-4D6B4B4FC7DD}
	EndGlobalSection
EndGlobal
